// !$*UTF8*$!
{
	archiveVersion = 1;
	classes = {
	};
	objectVersion = 54;
	objects = {

/* Begin PBXBuildFile section */
		5BCC34912E4063D9EFBA30B3 /* Pods_FlixTests.framework in Frameworks */ = {isa = PBXBuildFile; fileRef = CDE93232DB378D7E4376EB10 /* Pods_FlixTests.framework */; };
		7389CD9C0BF0C7FD0D81827D /* Pods_Flix.framework in Frameworks */ = {isa = PBXBuildFile; fileRef = 0D49957ABC704E5626BD0902 /* Pods_Flix.framework */; };
		86EAC3C028D65D24008A335A /* AppDelegate.swift in Sources */ = {isa = PBXBuildFile; fileRef = 86EAC3BF28D65D24008A335A /* AppDelegate.swift */; };
		86EAC3C228D65D24008A335A /* SceneDelegate.swift in Sources */ = {isa = PBXBuildFile; fileRef = 86EAC3C128D65D24008A335A /* SceneDelegate.swift */; };
		86EAC3C428D65D24008A335A /* ViewController.swift in Sources */ = {isa = PBXBuildFile; fileRef = 86EAC3C328D65D24008A335A /* ViewController.swift */; };
		86EAC3C728D65D24008A335A /* Main.storyboard in Resources */ = {isa = PBXBuildFile; fileRef = 86EAC3C528D65D24008A335A /* Main.storyboard */; };
		86EAC3C928D65D25008A335A /* Assets.xcassets in Resources */ = {isa = PBXBuildFile; fileRef = 86EAC3C828D65D25008A335A /* Assets.xcassets */; };
		86EAC3CC28D65D25008A335A /* LaunchScreen.storyboard in Resources */ = {isa = PBXBuildFile; fileRef = 86EAC3CA28D65D25008A335A /* LaunchScreen.storyboard */; };
		86EAC3D728D65D25008A335A /* FlixTests.swift in Sources */ = {isa = PBXBuildFile; fileRef = 86EAC3D628D65D25008A335A /* FlixTests.swift */; };
		86EAC3E128D65D25008A335A /* FlixUITests.swift in Sources */ = {isa = PBXBuildFile; fileRef = 86EAC3E028D65D25008A335A /* FlixUITests.swift */; };
		86EAC3E328D65D25008A335A /* FlixUITestsLaunchTests.swift in Sources */ = {isa = PBXBuildFile; fileRef = 86EAC3E228D65D25008A335A /* FlixUITestsLaunchTests.swift */; };
		86EAC3F028D6655B008A335A /* MovieCell.swift in Sources */ = {isa = PBXBuildFile; fileRef = 86EAC3EF28D6655B008A335A /* MovieCell.swift */; };
		86EAC3F328D673B0008A335A /* AlamofireImage in Frameworks */ = {isa = PBXBuildFile; productRef = 86EAC3F228D673B0008A335A /* AlamofireImage */; };
		C2AF923319C67006D221B6CE /* Pods_Flix_FlixUITests.framework in Frameworks */ = {isa = PBXBuildFile; fileRef = 8ECEDFF9B5FA5759E656B5CE /* Pods_Flix_FlixUITests.framework */; };
/* End PBXBuildFile section */

/* Begin PBXContainerItemProxy section */
		86EAC3D328D65D25008A335A /* PBXContainerItemProxy */ = {
			isa = PBXContainerItemProxy;
			containerPortal = 86EAC3B428D65D24008A335A /* Project object */;
			proxyType = 1;
			remoteGlobalIDString = 86EAC3BB28D65D24008A335A;
			remoteInfo = Flix;
		};
		86EAC3DD28D65D25008A335A /* PBXContainerItemProxy */ = {
			isa = PBXContainerItemProxy;
			containerPortal = 86EAC3B428D65D24008A335A /* Project object */;
			proxyType = 1;
			remoteGlobalIDString = 86EAC3BB28D65D24008A335A;
			remoteInfo = Flix;
		};
/* End PBXContainerItemProxy section */

/* Begin PBXFileReference section */
		09C340107D90E90BF5E42A2B /* Pods-Flix-FlixUITests.release.xcconfig */ = {isa = PBXFileReference; includeInIndex = 1; lastKnownFileType = text.xcconfig; name = "Pods-Flix-FlixUITests.release.xcconfig"; path = "Target Support Files/Pods-Flix-FlixUITests/Pods-Flix-FlixUITests.release.xcconfig"; sourceTree = "<group>"; };
		0D49957ABC704E5626BD0902 /* Pods_Flix.framework */ = {isa = PBXFileReference; explicitFileType = wrapper.framework; includeInIndex = 0; path = Pods_Flix.framework; sourceTree = BUILT_PRODUCTS_DIR; };
		3E134F75A9E4D136D6B023D7 /* Pods-FlixTests.release.xcconfig */ = {isa = PBXFileReference; includeInIndex = 1; lastKnownFileType = text.xcconfig; name = "Pods-FlixTests.release.xcconfig"; path = "Target Support Files/Pods-FlixTests/Pods-FlixTests.release.xcconfig"; sourceTree = "<group>"; };
		4C06D1C1760329776E23F6BC /* Pods-Flix.debug.xcconfig */ = {isa = PBXFileReference; includeInIndex = 1; lastKnownFileType = text.xcconfig; name = "Pods-Flix.debug.xcconfig"; path = "Target Support Files/Pods-Flix/Pods-Flix.debug.xcconfig"; sourceTree = "<group>"; };
		50D9B1803615675258B2AE09 /* Pods-FlixTests.debug.xcconfig */ = {isa = PBXFileReference; includeInIndex = 1; lastKnownFileType = text.xcconfig; name = "Pods-FlixTests.debug.xcconfig"; path = "Target Support Files/Pods-FlixTests/Pods-FlixTests.debug.xcconfig"; sourceTree = "<group>"; };
		6BF03FE45383766A30888C5C /* Pods-Flix.release.xcconfig */ = {isa = PBXFileReference; includeInIndex = 1; lastKnownFileType = text.xcconfig; name = "Pods-Flix.release.xcconfig"; path = "Target Support Files/Pods-Flix/Pods-Flix.release.xcconfig"; sourceTree = "<group>"; };
		86EAC3BC28D65D24008A335A /* Flix.app */ = {isa = PBXFileReference; explicitFileType = wrapper.application; includeInIndex = 0; path = Flix.app; sourceTree = BUILT_PRODUCTS_DIR; };
		86EAC3BF28D65D24008A335A /* AppDelegate.swift */ = {isa = PBXFileReference; lastKnownFileType = sourcecode.swift; path = AppDelegate.swift; sourceTree = "<group>"; };
		86EAC3C128D65D24008A335A /* SceneDelegate.swift */ = {isa = PBXFileReference; lastKnownFileType = sourcecode.swift; path = SceneDelegate.swift; sourceTree = "<group>"; };
		86EAC3C328D65D24008A335A /* ViewController.swift */ = {isa = PBXFileReference; lastKnownFileType = sourcecode.swift; path = ViewController.swift; sourceTree = "<group>"; };
		86EAC3C628D65D24008A335A /* Base */ = {isa = PBXFileReference; lastKnownFileType = file.storyboard; name = Base; path = Base.lproj/Main.storyboard; sourceTree = "<group>"; };
		86EAC3C828D65D25008A335A /* Assets.xcassets */ = {isa = PBXFileReference; lastKnownFileType = folder.assetcatalog; path = Assets.xcassets; sourceTree = "<group>"; };
		86EAC3CB28D65D25008A335A /* Base */ = {isa = PBXFileReference; lastKnownFileType = file.storyboard; name = Base; path = Base.lproj/LaunchScreen.storyboard; sourceTree = "<group>"; };
		86EAC3CD28D65D25008A335A /* Info.plist */ = {isa = PBXFileReference; lastKnownFileType = text.plist.xml; path = Info.plist; sourceTree = "<group>"; };
		86EAC3D228D65D25008A335A /* FlixTests.xctest */ = {isa = PBXFileReference; explicitFileType = wrapper.cfbundle; includeInIndex = 0; path = FlixTests.xctest; sourceTree = BUILT_PRODUCTS_DIR; };
		86EAC3D628D65D25008A335A /* FlixTests.swift */ = {isa = PBXFileReference; lastKnownFileType = sourcecode.swift; path = FlixTests.swift; sourceTree = "<group>"; };
		86EAC3DC28D65D25008A335A /* FlixUITests.xctest */ = {isa = PBXFileReference; explicitFileType = wrapper.cfbundle; includeInIndex = 0; path = FlixUITests.xctest; sourceTree = BUILT_PRODUCTS_DIR; };
		86EAC3E028D65D25008A335A /* FlixUITests.swift */ = {isa = PBXFileReference; lastKnownFileType = sourcecode.swift; path = FlixUITests.swift; sourceTree = "<group>"; };
		86EAC3E228D65D25008A335A /* FlixUITestsLaunchTests.swift */ = {isa = PBXFileReference; lastKnownFileType = sourcecode.swift; path = FlixUITestsLaunchTests.swift; sourceTree = "<group>"; };
		86EAC3EF28D6655B008A335A /* MovieCell.swift */ = {isa = PBXFileReference; lastKnownFileType = sourcecode.swift; path = MovieCell.swift; sourceTree = "<group>"; };
		8ECEDFF9B5FA5759E656B5CE /* Pods_Flix_FlixUITests.framework */ = {isa = PBXFileReference; explicitFileType = wrapper.framework; includeInIndex = 0; path = Pods_Flix_FlixUITests.framework; sourceTree = BUILT_PRODUCTS_DIR; };
		BC784207CF4715554D4B320E /* Pods-Flix-FlixUITests.debug.xcconfig */ = {isa = PBXFileReference; includeInIndex = 1; lastKnownFileType = text.xcconfig; name = "Pods-Flix-FlixUITests.debug.xcconfig"; path = "Target Support Files/Pods-Flix-FlixUITests/Pods-Flix-FlixUITests.debug.xcconfig"; sourceTree = "<group>"; };
		CDE93232DB378D7E4376EB10 /* Pods_FlixTests.framework */ = {isa = PBXFileReference; explicitFileType = wrapper.framework; includeInIndex = 0; path = Pods_FlixTests.framework; sourceTree = BUILT_PRODUCTS_DIR; };
/* End PBXFileReference section */

/* Begin PBXFrameworksBuildPhase section */
		86EAC3B928D65D24008A335A /* Frameworks */ = {
			isa = PBXFrameworksBuildPhase;
			buildActionMask = 2147483647;
			files = (
				86EAC3F328D673B0008A335A /* AlamofireImage in Frameworks */,
				7389CD9C0BF0C7FD0D81827D /* Pods_Flix.framework in Frameworks */,
			);
			runOnlyForDeploymentPostprocessing = 0;
		};
		86EAC3CF28D65D25008A335A /* Frameworks */ = {
			isa = PBXFrameworksBuildPhase;
			buildActionMask = 2147483647;
			files = (
				5BCC34912E4063D9EFBA30B3 /* Pods_FlixTests.framework in Frameworks */,
			);
			runOnlyForDeploymentPostprocessing = 0;
		};
		86EAC3D928D65D25008A335A /* Frameworks */ = {
			isa = PBXFrameworksBuildPhase;
			buildActionMask = 2147483647;
			files = (
				C2AF923319C67006D221B6CE /* Pods_Flix_FlixUITests.framework in Frameworks */,
			);
			runOnlyForDeploymentPostprocessing = 0;
		};
/* End PBXFrameworksBuildPhase section */

/* Begin PBXGroup section */
		86EAC3B328D65D24008A335A = {
			isa = PBXGroup;
			children = (
				86EAC3BE28D65D24008A335A /* Flix */,
				86EAC3D528D65D25008A335A /* FlixTests */,
				86EAC3DF28D65D25008A335A /* FlixUITests */,
				86EAC3BD28D65D24008A335A /* Products */,
				B4082059F217023E3E1CE4BC /* Pods */,
				BB396121DD7E5B591BE6965B /* Frameworks */,
			);
			sourceTree = "<group>";
		};
		86EAC3BD28D65D24008A335A /* Products */ = {
			isa = PBXGroup;
			children = (
				86EAC3BC28D65D24008A335A /* Flix.app */,
				86EAC3D228D65D25008A335A /* FlixTests.xctest */,
				86EAC3DC28D65D25008A335A /* FlixUITests.xctest */,
			);
			name = Products;
			sourceTree = "<group>";
		};
		86EAC3BE28D65D24008A335A /* Flix */ = {
			isa = PBXGroup;
			children = (
				86EAC3BF28D65D24008A335A /* AppDelegate.swift */,
				86EAC3C128D65D24008A335A /* SceneDelegate.swift */,
				86EAC3C328D65D24008A335A /* ViewController.swift */,
				86EAC3EF28D6655B008A335A /* MovieCell.swift */,
				86EAC3C528D65D24008A335A /* Main.storyboard */,
				86EAC3CA28D65D25008A335A /* LaunchScreen.storyboard */,
				86EAC3C828D65D25008A335A /* Assets.xcassets */,
				86EAC3CD28D65D25008A335A /* Info.plist */,
			);
			path = Flix;
			sourceTree = "<group>";
		};
		86EAC3D528D65D25008A335A /* FlixTests */ = {
			isa = PBXGroup;
			children = (
				86EAC3D628D65D25008A335A /* FlixTests.swift */,
			);
			path = FlixTests;
			sourceTree = "<group>";
		};
		86EAC3DF28D65D25008A335A /* FlixUITests */ = {
			isa = PBXGroup;
			children = (
				86EAC3E028D65D25008A335A /* FlixUITests.swift */,
				86EAC3E228D65D25008A335A /* FlixUITestsLaunchTests.swift */,
			);
			path = FlixUITests;
			sourceTree = "<group>";
		};
		B4082059F217023E3E1CE4BC /* Pods */ = {
			isa = PBXGroup;
			children = (
				4C06D1C1760329776E23F6BC /* Pods-Flix.debug.xcconfig */,
				6BF03FE45383766A30888C5C /* Pods-Flix.release.xcconfig */,
				BC784207CF4715554D4B320E /* Pods-Flix-FlixUITests.debug.xcconfig */,
				09C340107D90E90BF5E42A2B /* Pods-Flix-FlixUITests.release.xcconfig */,
				50D9B1803615675258B2AE09 /* Pods-FlixTests.debug.xcconfig */,
				3E134F75A9E4D136D6B023D7 /* Pods-FlixTests.release.xcconfig */,
			);
			path = Pods;
			sourceTree = "<group>";
		};
		BB396121DD7E5B591BE6965B /* Frameworks */ = {
			isa = PBXGroup;
			children = (
				0D49957ABC704E5626BD0902 /* Pods_Flix.framework */,
				8ECEDFF9B5FA5759E656B5CE /* Pods_Flix_FlixUITests.framework */,
				CDE93232DB378D7E4376EB10 /* Pods_FlixTests.framework */,
			);
			name = Frameworks;
			sourceTree = "<group>";
		};
/* End PBXGroup section */

/* Begin PBXNativeTarget section */
		86EAC3BB28D65D24008A335A /* Flix */ = {
			isa = PBXNativeTarget;
			buildConfigurationList = 86EAC3E628D65D25008A335A /* Build configuration list for PBXNativeTarget "Flix" */;
			buildPhases = (
				1C52DDD55ECFA274ED387878 /* [CP] Check Pods Manifest.lock */,
				86EAC3B828D65D24008A335A /* Sources */,
				86EAC3B928D65D24008A335A /* Frameworks */,
				86EAC3BA28D65D24008A335A /* Resources */,
				1D9062CE87B8A119F71DB518 /* [CP] Embed Pods Frameworks */,
			);
			buildRules = (
			);
			dependencies = (
			);
			name = Flix;
			packageProductDependencies = (
				86EAC3F228D673B0008A335A /* AlamofireImage */,
			);
			productName = Flix;
			productReference = 86EAC3BC28D65D24008A335A /* Flix.app */;
			productType = "com.apple.product-type.application";
		};
		86EAC3D128D65D25008A335A /* FlixTests */ = {
			isa = PBXNativeTarget;
			buildConfigurationList = 86EAC3E928D65D25008A335A /* Build configuration list for PBXNativeTarget "FlixTests" */;
			buildPhases = (
				ECE5DEEC680320E4384D0569 /* [CP] Check Pods Manifest.lock */,
				86EAC3CE28D65D25008A335A /* Sources */,
				86EAC3CF28D65D25008A335A /* Frameworks */,
				86EAC3D028D65D25008A335A /* Resources */,
			);
			buildRules = (
			);
			dependencies = (
				86EAC3D428D65D25008A335A /* PBXTargetDependency */,
			);
			name = FlixTests;
			productName = FlixTests;
			productReference = 86EAC3D228D65D25008A335A /* FlixTests.xctest */;
			productType = "com.apple.product-type.bundle.unit-test";
		};
		86EAC3DB28D65D25008A335A /* FlixUITests */ = {
			isa = PBXNativeTarget;
			buildConfigurationList = 86EAC3EC28D65D25008A335A /* Build configuration list for PBXNativeTarget "FlixUITests" */;
			buildPhases = (
				F15906CBA717984858AC4B1F /* [CP] Check Pods Manifest.lock */,
				86EAC3D828D65D25008A335A /* Sources */,
				86EAC3D928D65D25008A335A /* Frameworks */,
				86EAC3DA28D65D25008A335A /* Resources */,
				8546600021936A976E17B0A2 /* [CP] Embed Pods Frameworks */,
			);
			buildRules = (
			);
			dependencies = (
				86EAC3DE28D65D25008A335A /* PBXTargetDependency */,
			);
			name = FlixUITests;
			productName = FlixUITests;
			productReference = 86EAC3DC28D65D25008A335A /* FlixUITests.xctest */;
			productType = "com.apple.product-type.bundle.ui-testing";
		};
/* End PBXNativeTarget section */

/* Begin PBXProject section */
		86EAC3B428D65D24008A335A /* Project object */ = {
			isa = PBXProject;
			attributes = {
				BuildIndependentTargetsInParallel = 1;
				LastSwiftUpdateCheck = 1400;
				LastUpgradeCheck = 1400;
				TargetAttributes = {
					86EAC3BB28D65D24008A335A = {
						CreatedOnToolsVersion = 14.0;
					};
					86EAC3D128D65D25008A335A = {
						CreatedOnToolsVersion = 14.0;
						TestTargetID = 86EAC3BB28D65D24008A335A;
					};
					86EAC3DB28D65D25008A335A = {
						CreatedOnToolsVersion = 14.0;
						TestTargetID = 86EAC3BB28D65D24008A335A;
					};
				};
			};
			buildConfigurationList = 86EAC3B728D65D24008A335A /* Build configuration list for PBXProject "Flix" */;
			compatibilityVersion = "Xcode 12.0";
			developmentRegion = en;
			hasScannedForEncodings = 0;
			knownRegions = (
				en,
				Base,
			);
			mainGroup = 86EAC3B328D65D24008A335A;
			packageReferences = (
				86EAC3F128D673AF008A335A /* XCRemoteSwiftPackageReference "AlamofireImage" */,
			);
			productRefGroup = 86EAC3BD28D65D24008A335A /* Products */;
			projectDirPath = "";
			projectRoot = "";
			targets = (
				86EAC3BB28D65D24008A335A /* Flix */,
				86EAC3D128D65D25008A335A /* FlixTests */,
				86EAC3DB28D65D25008A335A /* FlixUITests */,
			);
		};
/* End PBXProject section */

/* Begin PBXResourcesBuildPhase section */
		86EAC3BA28D65D24008A335A /* Resources */ = {
			isa = PBXResourcesBuildPhase;
			buildActionMask = 2147483647;
			files = (
				86EAC3CC28D65D25008A335A /* LaunchScreen.storyboard in Resources */,
				86EAC3C928D65D25008A335A /* Assets.xcassets in Resources */,
				86EAC3C728D65D24008A335A /* Main.storyboard in Resources */,
			);
			runOnlyForDeploymentPostprocessing = 0;
		};
		86EAC3D028D65D25008A335A /* Resources */ = {
			isa = PBXResourcesBuildPhase;
			buildActionMask = 2147483647;
			files = (
			);
			runOnlyForDeploymentPostprocessing = 0;
		};
		86EAC3DA28D65D25008A335A /* Resources */ = {
			isa = PBXResourcesBuildPhase;
			buildActionMask = 2147483647;
			files = (
			);
			runOnlyForDeploymentPostprocessing = 0;
		};
/* End PBXResourcesBuildPhase section */

/* Begin PBXShellScriptBuildPhase section */
		1C52DDD55ECFA274ED387878 /* [CP] Check Pods Manifest.lock */ = {
			isa = PBXShellScriptBuildPhase;
			buildActionMask = 2147483647;
			files = (
			);
			inputFileListPaths = (
			);
			inputPaths = (
				"${PODS_PODFILE_DIR_PATH}/Podfile.lock",
				"${PODS_ROOT}/Manifest.lock",
			);
			name = "[CP] Check Pods Manifest.lock";
			outputFileListPaths = (
			);
			outputPaths = (
				"$(DERIVED_FILE_DIR)/Pods-Flix-checkManifestLockResult.txt",
			);
			runOnlyForDeploymentPostprocessing = 0;
			shellPath = /bin/sh;
			shellScript = "diff \"${PODS_PODFILE_DIR_PATH}/Podfile.lock\" \"${PODS_ROOT}/Manifest.lock\" > /dev/null\nif [ $? != 0 ] ; then\n    # print error to STDERR\n    echo \"error: The sandbox is not in sync with the Podfile.lock. Run 'pod install' or update your CocoaPods installation.\" >&2\n    exit 1\nfi\n# This output is used by Xcode 'outputs' to avoid re-running this script phase.\necho \"SUCCESS\" > \"${SCRIPT_OUTPUT_FILE_0}\"\n";
			showEnvVarsInLog = 0;
		};
		1D9062CE87B8A119F71DB518 /* [CP] Embed Pods Frameworks */ = {
			isa = PBXShellScriptBuildPhase;
			buildActionMask = 2147483647;
			files = (
			);
			inputFileListPaths = (
				"${PODS_ROOT}/Target Support Files/Pods-Flix/Pods-Flix-frameworks-${CONFIGURATION}-input-files.xcfilelist",
			);
			name = "[CP] Embed Pods Frameworks";
			outputFileListPaths = (
				"${PODS_ROOT}/Target Support Files/Pods-Flix/Pods-Flix-frameworks-${CONFIGURATION}-output-files.xcfilelist",
			);
			runOnlyForDeploymentPostprocessing = 0;
			shellPath = /bin/sh;
			shellScript = "\"${PODS_ROOT}/Target Support Files/Pods-Flix/Pods-Flix-frameworks.sh\"\n";
			showEnvVarsInLog = 0;
		};
		8546600021936A976E17B0A2 /* [CP] Embed Pods Frameworks */ = {
			isa = PBXShellScriptBuildPhase;
			buildActionMask = 2147483647;
			files = (
			);
			inputFileListPaths = (
				"${PODS_ROOT}/Target Support Files/Pods-Flix-FlixUITests/Pods-Flix-FlixUITests-frameworks-${CONFIGURATION}-input-files.xcfilelist",
			);
			name = "[CP] Embed Pods Frameworks";
			outputFileListPaths = (
				"${PODS_ROOT}/Target Support Files/Pods-Flix-FlixUITests/Pods-Flix-FlixUITests-frameworks-${CONFIGURATION}-output-files.xcfilelist",
			);
			runOnlyForDeploymentPostprocessing = 0;
			shellPath = /bin/sh;
			shellScript = "\"${PODS_ROOT}/Target Support Files/Pods-Flix-FlixUITests/Pods-Flix-FlixUITests-frameworks.sh\"\n";
			showEnvVarsInLog = 0;
		};
		ECE5DEEC680320E4384D0569 /* [CP] Check Pods Manifest.lock */ = {
			isa = PBXShellScriptBuildPhase;
			buildActionMask = 2147483647;
			files = (
			);
			inputFileListPaths = (
			);
			inputPaths = (
				"${PODS_PODFILE_DIR_PATH}/Podfile.lock",
				"${PODS_ROOT}/Manifest.lock",
			);
			name = "[CP] Check Pods Manifest.lock";
			outputFileListPaths = (
			);
			outputPaths = (
				"$(DERIVED_FILE_DIR)/Pods-FlixTests-checkManifestLockResult.txt",
			);
			runOnlyForDeploymentPostprocessing = 0;
			shellPath = /bin/sh;
			shellScript = "diff \"${PODS_PODFILE_DIR_PATH}/Podfile.lock\" \"${PODS_ROOT}/Manifest.lock\" > /dev/null\nif [ $? != 0 ] ; then\n    # print error to STDERR\n    echo \"error: The sandbox is not in sync with the Podfile.lock. Run 'pod install' or update your CocoaPods installation.\" >&2\n    exit 1\nfi\n# This output is used by Xcode 'outputs' to avoid re-running this script phase.\necho \"SUCCESS\" > \"${SCRIPT_OUTPUT_FILE_0}\"\n";
			showEnvVarsInLog = 0;
		};
		F15906CBA717984858AC4B1F /* [CP] Check Pods Manifest.lock */ = {
			isa = PBXShellScriptBuildPhase;
			buildActionMask = 2147483647;
			files = (
			);
			inputFileListPaths = (
			);
			inputPaths = (
				"${PODS_PODFILE_DIR_PATH}/Podfile.lock",
				"${PODS_ROOT}/Manifest.lock",
			);
			name = "[CP] Check Pods Manifest.lock";
			outputFileListPaths = (
			);
			outputPaths = (
				"$(DERIVED_FILE_DIR)/Pods-Flix-FlixUITests-checkManifestLockResult.txt",
			);
			runOnlyForDeploymentPostprocessing = 0;
			shellPath = /bin/sh;
			shellScript = "diff \"${PODS_PODFILE_DIR_PATH}/Podfile.lock\" \"${PODS_ROOT}/Manifest.lock\" > /dev/null\nif [ $? != 0 ] ; then\n    # print error to STDERR\n    echo \"error: The sandbox is not in sync with the Podfile.lock. Run 'pod install' or update your CocoaPods installation.\" >&2\n    exit 1\nfi\n# This output is used by Xcode 'outputs' to avoid re-running this script phase.\necho \"SUCCESS\" > \"${SCRIPT_OUTPUT_FILE_0}\"\n";
			showEnvVarsInLog = 0;
		};
/* End PBXShellScriptBuildPhase section */

/* Begin PBXSourcesBuildPhase section */
		86EAC3B828D65D24008A335A /* Sources */ = {
			isa = PBXSourcesBuildPhase;
			buildActionMask = 2147483647;
			files = (
				86EAC3C428D65D24008A335A /* ViewController.swift in Sources */,
				86EAC3C028D65D24008A335A /* AppDelegate.swift in Sources */,
				86EAC3F028D6655B008A335A /* MovieCell.swift in Sources */,
				86EAC3C228D65D24008A335A /* SceneDelegate.swift in Sources */,
			);
			runOnlyForDeploymentPostprocessing = 0;
		};
		86EAC3CE28D65D25008A335A /* Sources */ = {
			isa = PBXSourcesBuildPhase;
			buildActionMask = 2147483647;
			files = (
				86EAC3D728D65D25008A335A /* FlixTests.swift in Sources */,
			);
			runOnlyForDeploymentPostprocessing = 0;
		};
		86EAC3D828D65D25008A335A /* Sources */ = {
			isa = PBXSourcesBuildPhase;
			buildActionMask = 2147483647;
			files = (
				86EAC3E128D65D25008A335A /* FlixUITests.swift in Sources */,
				86EAC3E328D65D25008A335A /* FlixUITestsLaunchTests.swift in Sources */,
			);
			runOnlyForDeploymentPostprocessing = 0;
		};
/* End PBXSourcesBuildPhase section */

/* Begin PBXTargetDependency section */
		86EAC3D428D65D25008A335A /* PBXTargetDependency */ = {
			isa = PBXTargetDependency;
			target = 86EAC3BB28D65D24008A335A /* Flix */;
			targetProxy = 86EAC3D328D65D25008A335A /* PBXContainerItemProxy */;
		};
		86EAC3DE28D65D25008A335A /* PBXTargetDependency */ = {
			isa = PBXTargetDependency;
			target = 86EAC3BB28D65D24008A335A /* Flix */;
			targetProxy = 86EAC3DD28D65D25008A335A /* PBXContainerItemProxy */;
		};
/* End PBXTargetDependency section */

/* Begin PBXVariantGroup section */
		86EAC3C528D65D24008A335A /* Main.storyboard */ = {
			isa = PBXVariantGroup;
			children = (
				86EAC3C628D65D24008A335A /* Base */,
			);
			name = Main.storyboard;
			sourceTree = "<group>";
		};
		86EAC3CA28D65D25008A335A /* LaunchScreen.storyboard */ = {
			isa = PBXVariantGroup;
			children = (
				86EAC3CB28D65D25008A335A /* Base */,
			);
			name = LaunchScreen.storyboard;
			sourceTree = "<group>";
		};
/* End PBXVariantGroup section */

/* Begin XCBuildConfiguration section */
		86EAC3E428D65D25008A335A /* Debug */ = {
			isa = XCBuildConfiguration;
			buildSettings = {
				ALWAYS_SEARCH_USER_PATHS = NO;
				CLANG_ANALYZER_NONNULL = YES;
				CLANG_ANALYZER_NUMBER_OBJECT_CONVERSION = YES_AGGRESSIVE;
				CLANG_CXX_LANGUAGE_STANDARD = "gnu++20";
				CLANG_ENABLE_MODULES = YES;
				CLANG_ENABLE_OBJC_ARC = YES;
				CLANG_ENABLE_OBJC_WEAK = YES;
				CLANG_WARN_BLOCK_CAPTURE_AUTORELEASING = YES;
				CLANG_WARN_BOOL_CONVERSION = YES;
				CLANG_WARN_COMMA = YES;
				CLANG_WARN_CONSTANT_CONVERSION = YES;
				CLANG_WARN_DEPRECATED_OBJC_IMPLEMENTATIONS = YES;
				CLANG_WARN_DIRECT_OBJC_ISA_USAGE = YES_ERROR;
				CLANG_WARN_DOCUMENTATION_COMMENTS = YES;
				CLANG_WARN_EMPTY_BODY = YES;
				CLANG_WARN_ENUM_CONVERSION = YES;
				CLANG_WARN_INFINITE_RECURSION = YES;
				CLANG_WARN_INT_CONVERSION = YES;
				CLANG_WARN_NON_LITERAL_NULL_CONVERSION = YES;
				CLANG_WARN_OBJC_IMPLICIT_RETAIN_SELF = YES;
				CLANG_WARN_OBJC_LITERAL_CONVERSION = YES;
				CLANG_WARN_OBJC_ROOT_CLASS = YES_ERROR;
				CLANG_WARN_QUOTED_INCLUDE_IN_FRAMEWORK_HEADER = YES;
				CLANG_WARN_RANGE_LOOP_ANALYSIS = YES;
				CLANG_WARN_STRICT_PROTOTYPES = YES;
				CLANG_WARN_SUSPICIOUS_MOVE = YES;
				CLANG_WARN_UNGUARDED_AVAILABILITY = YES_AGGRESSIVE;
				CLANG_WARN_UNREACHABLE_CODE = YES;
				CLANG_WARN__DUPLICATE_METHOD_MATCH = YES;
				COPY_PHASE_STRIP = NO;
				DEBUG_INFORMATION_FORMAT = dwarf;
				ENABLE_STRICT_OBJC_MSGSEND = YES;
				ENABLE_TESTABILITY = YES;
				GCC_C_LANGUAGE_STANDARD = gnu11;
				GCC_DYNAMIC_NO_PIC = NO;
				GCC_NO_COMMON_BLOCKS = YES;
				GCC_OPTIMIZATION_LEVEL = 0;
				GCC_PREPROCESSOR_DEFINITIONS = (
					"DEBUG=1",
					"$(inherited)",
				);
				GCC_WARN_64_TO_32_BIT_CONVERSION = YES;
				GCC_WARN_ABOUT_RETURN_TYPE = YES_ERROR;
				GCC_WARN_UNDECLARED_SELECTOR = YES;
				GCC_WARN_UNINITIALIZED_AUTOS = YES_AGGRESSIVE;
				GCC_WARN_UNUSED_FUNCTION = YES;
				GCC_WARN_UNUSED_VARIABLE = YES;
				IPHONEOS_DEPLOYMENT_TARGET = 16.0;
				MTL_ENABLE_DEBUG_INFO = INCLUDE_SOURCE;
				MTL_FAST_MATH = YES;
				ONLY_ACTIVE_ARCH = YES;
				SDKROOT = iphoneos;
				SWIFT_ACTIVE_COMPILATION_CONDITIONS = DEBUG;
				SWIFT_OPTIMIZATION_LEVEL = "-Onone";
			};
			name = Debug;
		};
		86EAC3E528D65D25008A335A /* Release */ = {
			isa = XCBuildConfiguration;
			buildSettings = {
				ALWAYS_SEARCH_USER_PATHS = NO;
				CLANG_ANALYZER_NONNULL = YES;
				CLANG_ANALYZER_NUMBER_OBJECT_CONVERSION = YES_AGGRESSIVE;
				CLANG_CXX_LANGUAGE_STANDARD = "gnu++20";
				CLANG_ENABLE_MODULES = YES;
				CLANG_ENABLE_OBJC_ARC = YES;
				CLANG_ENABLE_OBJC_WEAK = YES;
				CLANG_WARN_BLOCK_CAPTURE_AUTORELEASING = YES;
				CLANG_WARN_BOOL_CONVERSION = YES;
				CLANG_WARN_COMMA = YES;
				CLANG_WARN_CONSTANT_CONVERSION = YES;
				CLANG_WARN_DEPRECATED_OBJC_IMPLEMENTATIONS = YES;
				CLANG_WARN_DIRECT_OBJC_ISA_USAGE = YES_ERROR;
				CLANG_WARN_DOCUMENTATION_COMMENTS = YES;
				CLANG_WARN_EMPTY_BODY = YES;
				CLANG_WARN_ENUM_CONVERSION = YES;
				CLANG_WARN_INFINITE_RECURSION = YES;
				CLANG_WARN_INT_CONVERSION = YES;
				CLANG_WARN_NON_LITERAL_NULL_CONVERSION = YES;
				CLANG_WARN_OBJC_IMPLICIT_RETAIN_SELF = YES;
				CLANG_WARN_OBJC_LITERAL_CONVERSION = YES;
				CLANG_WARN_OBJC_ROOT_CLASS = YES_ERROR;
				CLANG_WARN_QUOTED_INCLUDE_IN_FRAMEWORK_HEADER = YES;
				CLANG_WARN_RANGE_LOOP_ANALYSIS = YES;
				CLANG_WARN_STRICT_PROTOTYPES = YES;
				CLANG_WARN_SUSPICIOUS_MOVE = YES;
				CLANG_WARN_UNGUARDED_AVAILABILITY = YES_AGGRESSIVE;
				CLANG_WARN_UNREACHABLE_CODE = YES;
				CLANG_WARN__DUPLICATE_METHOD_MATCH = YES;
				COPY_PHASE_STRIP = NO;
				DEBUG_INFORMATION_FORMAT = "dwarf-with-dsym";
				ENABLE_NS_ASSERTIONS = NO;
				ENABLE_STRICT_OBJC_MSGSEND = YES;
				GCC_C_LANGUAGE_STANDARD = gnu11;
				GCC_NO_COMMON_BLOCKS = YES;
				GCC_WARN_64_TO_32_BIT_CONVERSION = YES;
				GCC_WARN_ABOUT_RETURN_TYPE = YES_ERROR;
				GCC_WARN_UNDECLARED_SELECTOR = YES;
				GCC_WARN_UNINITIALIZED_AUTOS = YES_AGGRESSIVE;
				GCC_WARN_UNUSED_FUNCTION = YES;
				GCC_WARN_UNUSED_VARIABLE = YES;
				IPHONEOS_DEPLOYMENT_TARGET = 16.0;
				MTL_ENABLE_DEBUG_INFO = NO;
				MTL_FAST_MATH = YES;
				SDKROOT = iphoneos;
				SWIFT_COMPILATION_MODE = wholemodule;
				SWIFT_OPTIMIZATION_LEVEL = "-O";
				VALIDATE_PRODUCT = YES;
			};
			name = Release;
		};
		86EAC3E728D65D25008A335A /* Debug */ = {
			isa = XCBuildConfiguration;
			baseConfigurationReference = 4C06D1C1760329776E23F6BC /* Pods-Flix.debug.xcconfig */;
			buildSettings = {
				ASSETCATALOG_COMPILER_APPICON_NAME = AppIcon;
				ASSETCATALOG_COMPILER_GLOBAL_ACCENT_COLOR_NAME = AccentColor;
				CODE_SIGN_STYLE = Automatic;
				CURRENT_PROJECT_VERSION = 1;
				DEVELOPMENT_TEAM = D37ZSULAQW;
				GENERATE_INFOPLIST_FILE = YES;
				INFOPLIST_FILE = Flix/Info.plist;
				INFOPLIST_KEY_CFBundleDisplayName = Flix;
				INFOPLIST_KEY_UIApplicationSupportsIndirectInputEvents = YES;
				INFOPLIST_KEY_UILaunchStoryboardName = LaunchScreen;
				INFOPLIST_KEY_UIMainStoryboardFile = Main;
				INFOPLIST_KEY_UISupportedInterfaceOrientations_iPad = "UIInterfaceOrientationPortrait UIInterfaceOrientationPortraitUpsideDown UIInterfaceOrientationLandscapeLeft UIInterfaceOrientationLandscapeRight";
				INFOPLIST_KEY_UISupportedInterfaceOrientations_iPhone = "UIInterfaceOrientationPortrait UIInterfaceOrientationLandscapeLeft UIInterfaceOrientationLandscapeRight";
				LD_RUNPATH_SEARCH_PATHS = (
					"$(inherited)",
					"@executable_path/Frameworks",
				);
				MARKETING_VERSION = 1.0;
				PRODUCT_BUNDLE_IDENTIFIER = com.ritik3411.Flix;
				PRODUCT_NAME = "$(TARGET_NAME)";
				SWIFT_EMIT_LOC_STRINGS = YES;
				SWIFT_VERSION = 5.0;
				TARGETED_DEVICE_FAMILY = "1,2";
			};
			name = Debug;
		};
		86EAC3E828D65D25008A335A /* Release */ = {
			isa = XCBuildConfiguration;
			baseConfigurationReference = 6BF03FE45383766A30888C5C /* Pods-Flix.release.xcconfig */;
			buildSettings = {
				ASSETCATALOG_COMPILER_APPICON_NAME = AppIcon;
				ASSETCATALOG_COMPILER_GLOBAL_ACCENT_COLOR_NAME = AccentColor;
				CODE_SIGN_STYLE = Automatic;
				CURRENT_PROJECT_VERSION = 1;
				DEVELOPMENT_TEAM = D37ZSULAQW;
				GENERATE_INFOPLIST_FILE = YES;
				INFOPLIST_FILE = Flix/Info.plist;
				INFOPLIST_KEY_CFBundleDisplayName = Flix;
				INFOPLIST_KEY_UIApplicationSupportsIndirectInputEvents = YES;
				INFOPLIST_KEY_UILaunchStoryboardName = LaunchScreen;
				INFOPLIST_KEY_UIMainStoryboardFile = Main;
				INFOPLIST_KEY_UISupportedInterfaceOrientations_iPad = "UIInterfaceOrientationPortrait UIInterfaceOrientationPortraitUpsideDown UIInterfaceOrientationLandscapeLeft UIInterfaceOrientationLandscapeRight";
				INFOPLIST_KEY_UISupportedInterfaceOrientations_iPhone = "UIInterfaceOrientationPortrait UIInterfaceOrientationLandscapeLeft UIInterfaceOrientationLandscapeRight";
				LD_RUNPATH_SEARCH_PATHS = (
					"$(inherited)",
					"@executable_path/Frameworks",
				);
				MARKETING_VERSION = 1.0;
				PRODUCT_BUNDLE_IDENTIFIER = com.ritik3411.Flix;
				PRODUCT_NAME = "$(TARGET_NAME)";
				SWIFT_EMIT_LOC_STRINGS = YES;
				SWIFT_VERSION = 5.0;
				TARGETED_DEVICE_FAMILY = "1,2";
			};
			name = Release;
		};
		86EAC3EA28D65D25008A335A /* Debug */ = {
			isa = XCBuildConfiguration;
			baseConfigurationReference = 50D9B1803615675258B2AE09 /* Pods-FlixTests.debug.xcconfig */;
			buildSettings = {
				ALWAYS_EMBED_SWIFT_STANDARD_LIBRARIES = YES;
				BUNDLE_LOADER = "$(TEST_HOST)";
				CODE_SIGN_STYLE = Automatic;
				CURRENT_PROJECT_VERSION = 1;
				DEVELOPMENT_TEAM = D37ZSULAQW;
				GENERATE_INFOPLIST_FILE = YES;
				IPHONEOS_DEPLOYMENT_TARGET = 16.0;
				MARKETING_VERSION = 1.0;
				PRODUCT_BUNDLE_IDENTIFIER = com.ritik3411.FlixTests;
				PRODUCT_NAME = "$(TARGET_NAME)";
				SWIFT_EMIT_LOC_STRINGS = NO;
				SWIFT_VERSION = 5.0;
				TARGETED_DEVICE_FAMILY = "1,2";
				TEST_HOST = "$(BUILT_PRODUCTS_DIR)/Flix.app/$(BUNDLE_EXECUTABLE_FOLDER_PATH)/Flix";
			};
			name = Debug;
		};
		86EAC3EB28D65D25008A335A /* Release */ = {
			isa = XCBuildConfiguration;
			baseConfigurationReference = 3E134F75A9E4D136D6B023D7 /* Pods-FlixTests.release.xcconfig */;
			buildSettings = {
				ALWAYS_EMBED_SWIFT_STANDARD_LIBRARIES = YES;
				BUNDLE_LOADER = "$(TEST_HOST)";
				CODE_SIGN_STYLE = Automatic;
				CURRENT_PROJECT_VERSION = 1;
				DEVELOPMENT_TEAM = D37ZSULAQW;
				GENERATE_INFOPLIST_FILE = YES;
				IPHONEOS_DEPLOYMENT_TARGET = 16.0;
				MARKETING_VERSION = 1.0;
				PRODUCT_BUNDLE_IDENTIFIER = com.ritik3411.FlixTests;
				PRODUCT_NAME = "$(TARGET_NAME)";
				SWIFT_EMIT_LOC_STRINGS = NO;
				SWIFT_VERSION = 5.0;
				TARGETED_DEVICE_FAMILY = "1,2";
				TEST_HOST = "$(BUILT_PRODUCTS_DIR)/Flix.app/$(BUNDLE_EXECUTABLE_FOLDER_PATH)/Flix";
			};
			name = Release;
		};
		86EAC3ED28D65D25008A335A /* Debug */ = {
			isa = XCBuildConfiguration;
			baseConfigurationReference = BC784207CF4715554D4B320E /* Pods-Flix-FlixUITests.debug.xcconfig */;
			buildSettings = {
				ALWAYS_EMBED_SWIFT_STANDARD_LIBRARIES = YES;
				CODE_SIGN_STYLE = Automatic;
				CURRENT_PROJECT_VERSION = 1;
				DEVELOPMENT_TEAM = D37ZSULAQW;
				GENERATE_INFOPLIST_FILE = YES;
				MARKETING_VERSION = 1.0;
				PRODUCT_BUNDLE_IDENTIFIER = com.ritik3411.FlixUITests;
				PRODUCT_NAME = "$(TARGET_NAME)";
				SWIFT_EMIT_LOC_STRINGS = NO;
				SWIFT_VERSION = 5.0;
				TARGETED_DEVICE_FAMILY = "1,2";
				TEST_TARGET_NAME = Flix;
			};
			name = Debug;
		};
		86EAC3EE28D65D25008A335A /* Release */ = {
			isa = XCBuildConfiguration;
			baseConfigurationReference = 09C340107D90E90BF5E42A2B /* Pods-Flix-FlixUITests.release.xcconfig */;
			buildSettings = {
				ALWAYS_EMBED_SWIFT_STANDARD_LIBRARIES = YES;
				CODE_SIGN_STYLE = Automatic;
				CURRENT_PROJECT_VERSION = 1;
				DEVELOPMENT_TEAM = D37ZSULAQW;
				GENERATE_INFOPLIST_FILE = YES;
				MARKETING_VERSION = 1.0;
				PRODUCT_BUNDLE_IDENTIFIER = com.ritik3411.FlixUITests;
				PRODUCT_NAME = "$(TARGET_NAME)";
				SWIFT_EMIT_LOC_STRINGS = NO;
				SWIFT_VERSION = 5.0;
				TARGETED_DEVICE_FAMILY = "1,2";
				TEST_TARGET_NAME = Flix;
			};
			name = Release;
		};
/* End XCBuildConfiguration section */

/* Begin XCConfigurationList section */
		86EAC3B728D65D24008A335A /* Build configuration list for PBXProject "Flix" */ = {
			isa = XCConfigurationList;
			buildConfigurations = (
				86EAC3E428D65D25008A335A /* Debug */,
				86EAC3E528D65D25008A335A /* Release */,
			);
			defaultConfigurationIsVisible = 0;
			defaultConfigurationName = Release;
		};
		86EAC3E628D65D25008A335A /* Build configuration list for PBXNativeTarget "Flix" */ = {
			isa = XCConfigurationList;
			buildConfigurations = (
				86EAC3E728D65D25008A335A /* Debug */,
				86EAC3E828D65D25008A335A /* Release */,
			);
			defaultConfigurationIsVisible = 0;
			defaultConfigurationName = Release;
		};
		86EAC3E928D65D25008A335A /* Build configuration list for PBXNativeTarget "FlixTests" */ = {
			isa = XCConfigurationList;
			buildConfigurations = (
				86EAC3EA28D65D25008A335A /* Debug */,
				86EAC3EB28D65D25008A335A /* Release */,
			);
			defaultConfigurationIsVisible = 0;
			defaultConfigurationName = Release;
		};
		86EAC3EC28D65D25008A335A /* Build configuration list for PBXNativeTarget "FlixUITests" */ = {
			isa = XCConfigurationList;
			buildConfigurations = (
				86EAC3ED28D65D25008A335A /* Debug */,
				86EAC3EE28D65D25008A335A /* Release */,
			);
			defaultConfigurationIsVisible = 0;
			defaultConfigurationName = Release;
		};
/* End XCConfigurationList section */

/* Begin XCRemoteSwiftPackageReference section */
		86EAC3F128D673AF008A335A /* XCRemoteSwiftPackageReference "AlamofireImage" */ = {
			isa = XCRemoteSwiftPackageReference;
			repositoryURL = "https://github.com/Alamofire/AlamofireImage";
			requirement = {
				kind = upToNextMajorVersion;
				minimumVersion = 4.0.0;
			};
		};
/* End XCRemoteSwiftPackageReference section */

/* Begin XCSwiftPackageProductDependency section */
		86EAC3F228D673B0008A335A /* AlamofireImage */ = {
			isa = XCSwiftPackageProductDependency;
			package = 86EAC3F128D673AF008A335A /* XCRemoteSwiftPackageReference "AlamofireImage" */;
			productName = AlamofireImage;
		};
/* End XCSwiftPackageProductDependency section */
	};
	rootObject = 86EAC3B428D65D24008A335A /* Project object */;
}
